
Microsoft Visual Studio Solution File, Format Version 12.00
# Visual Studio Version 16
VisualStudioVersion = 16.0.30611.23
MinimumVisualStudioVersion = 10.0.40219.1
Project("{9A19103F-16F7-4668-BE54-9A1E7A4F7556}") = "FractalExplorerAVX", "FractalExplorerAVX\FractalExplorerAVX.csproj", "{AB67FC07-4693-4352-93F3-93FB6D067114}"
EndProject
Global
	GlobalSection(SolutionConfigurationPlatforms) = preSolution
		Debug|Any CPU = Debug|Any CPU
		Debug|x64 = Debug|x64
		Release|Any CPU = Release|Any CPU
		Release|x64 = Release|x64
	EndGlobalSection
	GlobalSection(ProjectConfigurationPlatforms) = postSolution
		{AB67FC07-4693-4352-93F3-93FB6D067114}.Debug|Any CPU.ActiveCfg = Debug|Any CPU
		{AB67FC07-4693-4352-93F3-93FB6D067114}.Debug|Any CPU.Build.0 = Debug|Any CPU
		{AB67FC07-4693-4352-93F3-93FB6D067114}.Debug|x64.ActiveCfg = Debug|x64
		{AB67FC07-4693-4352-93F3-93FB6D067114}.Debug|x64.Build.0 = Debug|x64
		{AB67FC07-4693-4352-93F3-93FB6D067114}.Release|Any CPU.ActiveCfg = Release|Any CPU
		{AB67FC07-4693-4352-93F3-93FB6D067114}.Release|Any CPU.Build.0 = Release|Any CPU
		{AB67FC07-4693-4352-93F3-93FB6D067114}.Release|x64.ActiveCfg = Release|x64
		{AB67FC07-4693-4352-93F3-93FB6D067114}.Release|x64.Build.0 = Release|x64
	EndGlobalSection
	GlobalSection(SolutionProperties) = preSolution
		HideSolutionNode = FALSE
	EndGlobalSection
	GlobalSection(ExtensibilityGlobals) = postSolution
		SolutionGuid = {324F0FE0-C536-47D1-B99C-B70637E8FEEC}
	EndGlobalSection
EndGlobal
